
Microsoft Visual Studio Solution File, Format Version 12.00
# Visual Studio Version 17
VisualStudioVersion = 17.0.32112.339
MinimumVisualStudioVersion = 10.0.40219.1
Project("{9A19103F-16F7-4668-BE54-9A1E7A4F7556}") = "Royara-Faq", "Royara-Faq\Royara-Faq.csproj", "{94D414E1-C19E-4F68-97B4-8FDF6E2FC680}"
EndProject
Project("{FAE04EC0-301F-11D3-BF4B-00C04F79EFBC}") = "DataAccess", "DataAccess\DataAccess.csproj", "{C4B8B8CB-222C-4D12-9F6D-90F9E35369E0}"
EndProject
Project("{FAE04EC0-301F-11D3-BF4B-00C04F79EFBC}") = "Model", "Model\Model.csproj", "{B3366401-B544-4596-80AD-90B703AEC988}"
EndProject
Project("{FAE04EC0-301F-11D3-BF4B-00C04F79EFBC}") = "Infrastructure", "Infrastructure\Infrastructure.csproj", "{BE20F1A7-44D0-4193-A5D1-EAA21E894952}"
EndProject
Global
	GlobalSection(SolutionConfigurationPlatforms) = preSolution
		Debug|Any CPU = Debug|Any CPU
		Release|Any CPU = Release|Any CPU
	EndGlobalSection
	GlobalSection(ProjectConfigurationPlatforms) = postSolution
		{94D414E1-C19E-4F68-97B4-8FDF6E2FC680}.Debug|Any CPU.ActiveCfg = Debug|Any CPU
		{94D414E1-C19E-4F68-97B4-8FDF6E2FC680}.Debug|Any CPU.Build.0 = Debug|Any CPU
		{94D414E1-C19E-4F68-97B4-8FDF6E2FC680}.Release|Any CPU.ActiveCfg = Release|Any CPU
		{94D414E1-C19E-4F68-97B4-8FDF6E2FC680}.Release|Any CPU.Build.0 = Release|Any CPU
		{C4B8B8CB-222C-4D12-9F6D-90F9E35369E0}.Debug|Any CPU.ActiveCfg = Debug|Any CPU
		{C4B8B8CB-222C-4D12-9F6D-90F9E35369E0}.Debug|Any CPU.Build.0 = Debug|Any CPU
		{C4B8B8CB-222C-4D12-9F6D-90F9E35369E0}.Release|Any CPU.ActiveCfg = Release|Any CPU
		{C4B8B8CB-222C-4D12-9F6D-90F9E35369E0}.Release|Any CPU.Build.0 = Release|Any CPU
		{B3366401-B544-4596-80AD-90B703AEC988}.Debug|Any CPU.ActiveCfg = Debug|Any CPU
		{B3366401-B544-4596-80AD-90B703AEC988}.Debug|Any CPU.Build.0 = Debug|Any CPU
		{B3366401-B544-4596-80AD-90B703AEC988}.Release|Any CPU.ActiveCfg = Release|Any CPU
		{B3366401-B544-4596-80AD-90B703AEC988}.Release|Any CPU.Build.0 = Release|Any CPU
		{BE20F1A7-44D0-4193-A5D1-EAA21E894952}.Debug|Any CPU.ActiveCfg = Debug|Any CPU
		{BE20F1A7-44D0-4193-A5D1-EAA21E894952}.Debug|Any CPU.Build.0 = Debug|Any CPU
		{BE20F1A7-44D0-4193-A5D1-EAA21E894952}.Release|Any CPU.ActiveCfg = Release|Any CPU
		{BE20F1A7-44D0-4193-A5D1-EAA21E894952}.Release|Any CPU.Build.0 = Release|Any CPU
	EndGlobalSection
	GlobalSection(SolutionProperties) = preSolution
		HideSolutionNode = FALSE
	EndGlobalSection
	GlobalSection(ExtensibilityGlobals) = postSolution
		SolutionGuid = {6FEDAA02-9933-4F1F-9752-9BD5C0E252AA}
	EndGlobalSection
EndGlobal
